
Microsoft Visual Studio Solution File, Format Version 12.00
# Visual Studio Version 17
VisualStudioVersion = 17.9.34714.143
MinimumVisualStudioVersion = 10.0.40219.1
Project("{FAE04EC0-301F-11D3-BF4B-00C04F79EFBC}") = "CakeBuild", "CakeBuild\CakeBuild.csproj", "{AA0607ED-7A56-460F-9C12-4EA2DA500EEF}"
EndProject
Project("{FAE04EC0-301F-11D3-BF4B-00C04F79EFBC}") = "ConfiglibDemoJsonConfig", "ConfiglibDemoJsonConfig\ConfiglibDemoJsonConfig.csproj", "{D5AC0732-595F-4B65-B259-B7D056C1662A}"
EndProject
Global
	GlobalSection(SolutionConfigurationPlatforms) = preSolution
		Debug|Any CPU = Debug|Any CPU
		Release|Any CPU = Release|Any CPU
	EndGlobalSection
	GlobalSection(ProjectConfigurationPlatforms) = postSolution
		{AA0607ED-7A56-460F-9C12-4EA2DA500EEF}.Debug|Any CPU.ActiveCfg = Debug|Any CPU
		{AA0607ED-7A56-460F-9C12-4EA2DA500EEF}.Debug|Any CPU.Build.0 = Debug|Any CPU
		{AA0607ED-7A56-460F-9C12-4EA2DA500EEF}.Release|Any CPU.ActiveCfg = Release|Any CPU
		{AA0607ED-7A56-460F-9C12-4EA2DA500EEF}.Release|Any CPU.Build.0 = Release|Any CPU
		{D5AC0732-595F-4B65-B259-B7D056C1662A}.Debug|Any CPU.ActiveCfg = Debug|Any CPU
		{D5AC0732-595F-4B65-B259-B7D056C1662A}.Debug|Any CPU.Build.0 = Debug|Any CPU
		{D5AC0732-595F-4B65-B259-B7D056C1662A}.Release|Any CPU.ActiveCfg = Release|Any CPU
		{D5AC0732-595F-4B65-B259-B7D056C1662A}.Release|Any CPU.Build.0 = Release|Any CPU
	EndGlobalSection
	GlobalSection(SolutionProperties) = preSolution
		HideSolutionNode = FALSE
	EndGlobalSection
	GlobalSection(ExtensibilityGlobals) = postSolution
		SolutionGuid = {A0DA17F4-5BFF-4366-8A9D-BB59A27D395C}
	EndGlobalSection
EndGlobal
